
Microsoft Visual Studio Solution File, Format Version 12.00
# Visual Studio Version 17
VisualStudioVersion = 17.7.34003.232
MinimumVisualStudioVersion = 10.0.40219.1
Project("{FAE04EC0-301F-11D3-BF4B-00C04F79EFBC}") = "JsonOkuma", "JsonModelOkuma\JsonOkuma.csproj", "{7FA46409-309F-4F77-9241-F1DCCB02F2B9}"
EndProject
Global
	GlobalSection(SolutionConfigurationPlatforms) = preSolution
		Debug|Any CPU = Debug|Any CPU
		Release|Any CPU = Release|Any CPU
	EndGlobalSection
	GlobalSection(ProjectConfigurationPlatforms) = postSolution
		{7FA46409-309F-4F77-9241-F1DCCB02F2B9}.Debug|Any CPU.ActiveCfg = Debug|Any CPU
		{7FA46409-309F-4F77-9241-F1DCCB02F2B9}.Debug|Any CPU.Build.0 = Debug|Any CPU
		{7FA46409-309F-4F77-9241-F1DCCB02F2B9}.Release|Any CPU.ActiveCfg = Release|Any CPU
		{7FA46409-309F-4F77-9241-F1DCCB02F2B9}.Release|Any CPU.Build.0 = Release|Any CPU
	EndGlobalSection
	GlobalSection(SolutionProperties) = preSolution
		HideSolutionNode = FALSE
	EndGlobalSection
	GlobalSection(ExtensibilityGlobals) = postSolution
		SolutionGuid = {EFB21B81-F174-47E9-8D96-67FC9D2BA3DF}
	EndGlobalSection
EndGlobal
